# This file is automatically @generated by Cargo.
# It is not intended for manual editing.
[[package]]
name = "msp432_blink"
version = "0.1.0"
dependencies = [
 "msp432_razcal",
]

[[package]]
name = "msp432_razcal"
version = "0.1.0"
source = "git+https://github.com/raz-a/msp432_razcal#02ea3a4a20ba44a53a8dfa987fbc56ac67980bb8"
