# This file is automatically @generated by Cargo.
# It is not intended for manual editing.
[[package]]
name = "msp432_blink"
version = "0.1.0"
dependencies = [
 "msp432_razcal",
]

[[package]]
name = "msp432_razcal"
version = "0.1.0"
source = "git+https://github.com/raz-a/msp432_razcal#5a46ac34111c2ec0dd042f23df3977643bf8e068"
